
Microsoft Visual Studio Solution File, Format Version 12.00
# Visual Studio 14
VisualStudioVersion = 14.0.24720.0
MinimumVisualStudioVersion = 10.0.40219.1
Project("{FAE04EC0-301F-11D3-BF4B-00C04F79EFBC}") = "Me.Web", "Me.Web\Me.Web.csproj", "{5BCE767E-70DF-4F92-83F2-89BD5D261B0E}"
EndProject
Project("{FAE04EC0-301F-11D3-BF4B-00C04F79EFBC}") = "OAuthService", "OAuthService\OAuthService.csproj", "{1448C56D-987C-4833-AE45-96C3C8081256}"
EndProject
Project("{FAE04EC0-301F-11D3-BF4B-00C04F79EFBC}") = "MeLibrary", "MeLibrary\MeLibrary.csproj", "{CE483EFB-8FA6-4934-AF7A-E74A842D5620}"
EndProject
Global
	GlobalSection(SolutionConfigurationPlatforms) = preSolution
		Debug|Any CPU = Debug|Any CPU
		Release|Any CPU = Release|Any CPU
	EndGlobalSection
	GlobalSection(ProjectConfigurationPlatforms) = postSolution
		{5BCE767E-70DF-4F92-83F2-89BD5D261B0E}.Debug|Any CPU.ActiveCfg = Debug|Any CPU
		{5BCE767E-70DF-4F92-83F2-89BD5D261B0E}.Debug|Any CPU.Build.0 = Debug|Any CPU
		{5BCE767E-70DF-4F92-83F2-89BD5D261B0E}.Release|Any CPU.ActiveCfg = Release|Any CPU
		{5BCE767E-70DF-4F92-83F2-89BD5D261B0E}.Release|Any CPU.Build.0 = Release|Any CPU
		{1448C56D-987C-4833-AE45-96C3C8081256}.Debug|Any CPU.ActiveCfg = Debug|Any CPU
		{1448C56D-987C-4833-AE45-96C3C8081256}.Debug|Any CPU.Build.0 = Debug|Any CPU
		{1448C56D-987C-4833-AE45-96C3C8081256}.Release|Any CPU.ActiveCfg = Release|Any CPU
		{1448C56D-987C-4833-AE45-96C3C8081256}.Release|Any CPU.Build.0 = Release|Any CPU
		{CE483EFB-8FA6-4934-AF7A-E74A842D5620}.Debug|Any CPU.ActiveCfg = Debug|Any CPU
		{CE483EFB-8FA6-4934-AF7A-E74A842D5620}.Debug|Any CPU.Build.0 = Debug|Any CPU
		{CE483EFB-8FA6-4934-AF7A-E74A842D5620}.Release|Any CPU.ActiveCfg = Release|Any CPU
		{CE483EFB-8FA6-4934-AF7A-E74A842D5620}.Release|Any CPU.Build.0 = Release|Any CPU
	EndGlobalSection
	GlobalSection(SolutionProperties) = preSolution
		HideSolutionNode = FALSE
	EndGlobalSection
EndGlobal
